// !$*UTF8*$!
{
	archiveVersion = 1;
	classes = {
	};
	objectVersion = 55;
	objects = {

/* Begin PBXBuildFile section */
		5842A71C28F18EC8005696E0 /* AppDelegate.m in Sources */ = {isa = PBXBuildFile; fileRef = 5842A71B28F18EC8005696E0 /* AppDelegate.m */; };
		5842A71F28F18EC8005696E0 /* SceneDelegate.m in Sources */ = {isa = PBXBuildFile; fileRef = 5842A71E28F18EC8005696E0 /* SceneDelegate.m */; };
		5842A72228F18EC8005696E0 /* ViewController.m in Sources */ = {isa = PBXBuildFile; fileRef = 5842A72128F18EC8005696E0 /* ViewController.m */; };
		5842A72528F18EC8005696E0 /* Main.storyboard in Resources */ = {isa = PBXBuildFile; fileRef = 5842A72328F18EC8005696E0 /* Main.storyboard */; };
		5842A72728F18ECA005696E0 /* Assets.xcassets in Resources */ = {isa = PBXBuildFile; fileRef = 5842A72628F18ECA005696E0 /* Assets.xcassets */; };
		5842A72A28F18ECA005696E0 /* LaunchScreen.storyboard in Resources */ = {isa = PBXBuildFile; fileRef = 5842A72828F18ECA005696E0 /* LaunchScreen.storyboard */; };
		5842A72D28F18ECA005696E0 /* main.m in Sources */ = {isa = PBXBuildFile; fileRef = 5842A72C28F18ECA005696E0 /* main.m */; };
		5842A73728F18ECA005696E0 /* Manager__Tests.m in Sources */ = {isa = PBXBuildFile; fileRef = 5842A73628F18ECA005696E0 /* Manager__Tests.m */; };
		5842A74128F18ECA005696E0 /* Manager__UITests.m in Sources */ = {isa = PBXBuildFile; fileRef = 5842A74028F18ECA005696E0 /* Manager__UITests.m */; };
		5842A74328F18ECA005696E0 /* Manager__UITestsLaunchTests.m in Sources */ = {isa = PBXBuildFile; fileRef = 5842A74228F18ECA005696E0 /* Manager__UITestsLaunchTests.m */; };
/* End PBXBuildFile section */

/* Begin PBXContainerItemProxy section */
		5842A73328F18ECA005696E0 /* PBXContainerItemProxy */ = {
			isa = PBXContainerItemProxy;
			containerPortal = 5842A70F28F18EC8005696E0 /* Project object */;
			proxyType = 1;
			remoteGlobalIDString = 5842A71628F18EC8005696E0;
			remoteInfo = "Manager封装";
		};
		5842A73D28F18ECA005696E0 /* PBXContainerItemProxy */ = {
			isa = PBXContainerItemProxy;
			containerPortal = 5842A70F28F18EC8005696E0 /* Project object */;
			proxyType = 1;
			remoteGlobalIDString = 5842A71628F18EC8005696E0;
			remoteInfo = "Manager封装";
		};
/* End PBXContainerItemProxy section */

/* Begin PBXFileReference section */
		5842A71728F18EC8005696E0 /* Manager封装.app */ = {isa = PBXFileReference; explicitFileType = wrapper.application; includeInIndex = 0; path = "Manager封装.app"; sourceTree = BUILT_PRODUCTS_DIR; };
		5842A71A28F18EC8005696E0 /* AppDelegate.h */ = {isa = PBXFileReference; lastKnownFileType = sourcecode.c.h; path = AppDelegate.h; sourceTree = "<group>"; };
		5842A71B28F18EC8005696E0 /* AppDelegate.m */ = {isa = PBXFileReference; lastKnownFileType = sourcecode.c.objc; path = AppDelegate.m; sourceTree = "<group>"; };
		5842A71D28F18EC8005696E0 /* SceneDelegate.h */ = {isa = PBXFileReference; lastKnownFileType = sourcecode.c.h; path = SceneDelegate.h; sourceTree = "<group>"; };
		5842A71E28F18EC8005696E0 /* SceneDelegate.m */ = {isa = PBXFileReference; lastKnownFileType = sourcecode.c.objc; path = SceneDelegate.m; sourceTree = "<group>"; };
		5842A72028F18EC8005696E0 /* ViewController.h */ = {isa = PBXFileReference; lastKnownFileType = sourcecode.c.h; path = ViewController.h; sourceTree = "<group>"; };
		5842A72128F18EC8005696E0 /* ViewController.m */ = {isa = PBXFileReference; lastKnownFileType = sourcecode.c.objc; path = ViewController.m; sourceTree = "<group>"; };
		5842A72428F18EC8005696E0 /* Base */ = {isa = PBXFileReference; lastKnownFileType = file.storyboard; name = Base; path = Base.lproj/Main.storyboard; sourceTree = "<group>"; };
		5842A72628F18ECA005696E0 /* Assets.xcassets */ = {isa = PBXFileReference; lastKnownFileType = folder.assetcatalog; path = Assets.xcassets; sourceTree = "<group>"; };
		5842A72928F18ECA005696E0 /* Base */ = {isa = PBXFileReference; lastKnownFileType = file.storyboard; name = Base; path = Base.lproj/LaunchScreen.storyboard; sourceTree = "<group>"; };
		5842A72B28F18ECA005696E0 /* Info.plist */ = {isa = PBXFileReference; lastKnownFileType = text.plist.xml; path = Info.plist; sourceTree = "<group>"; };
		5842A72C28F18ECA005696E0 /* main.m */ = {isa = PBXFileReference; lastKnownFileType = sourcecode.c.objc; path = main.m; sourceTree = "<group>"; };
		5842A73228F18ECA005696E0 /* Manager封装Tests.xctest */ = {isa = PBXFileReference; explicitFileType = wrapper.cfbundle; includeInIndex = 0; path = "Manager封装Tests.xctest"; sourceTree = BUILT_PRODUCTS_DIR; };
		5842A73628F18ECA005696E0 /* Manager__Tests.m */ = {isa = PBXFileReference; lastKnownFileType = sourcecode.c.objc; path = Manager__Tests.m; sourceTree = "<group>"; };
		5842A73C28F18ECA005696E0 /* Manager封装UITests.xctest */ = {isa = PBXFileReference; explicitFileType = wrapper.cfbundle; includeInIndex = 0; path = "Manager封装UITests.xctest"; sourceTree = BUILT_PRODUCTS_DIR; };
		5842A74028F18ECA005696E0 /* Manager__UITests.m */ = {isa = PBXFileReference; lastKnownFileType = sourcecode.c.objc; path = Manager__UITests.m; sourceTree = "<group>"; };
		5842A74228F18ECA005696E0 /* Manager__UITestsLaunchTests.m */ = {isa = PBXFileReference; lastKnownFileType = sourcecode.c.objc; path = Manager__UITestsLaunchTests.m; sourceTree = "<group>"; };
/* End PBXFileReference section */

/* Begin PBXFrameworksBuildPhase section */
		5842A71428F18EC8005696E0 /* Frameworks */ = {
			isa = PBXFrameworksBuildPhase;
			buildActionMask = 2147483647;
			files = (
			);
			runOnlyForDeploymentPostprocessing = 0;
		};
		5842A72F28F18ECA005696E0 /* Frameworks */ = {
			isa = PBXFrameworksBuildPhase;
			buildActionMask = 2147483647;
			files = (
			);
			runOnlyForDeploymentPostprocessing = 0;
		};
		5842A73928F18ECA005696E0 /* Frameworks */ = {
			isa = PBXFrameworksBuildPhase;
			buildActionMask = 2147483647;
			files = (
			);
			runOnlyForDeploymentPostprocessing = 0;
		};
/* End PBXFrameworksBuildPhase section */

/* Begin PBXGroup section */
		5842A70E28F18EC8005696E0 = {
			isa = PBXGroup;
			children = (
				5842A71928F18EC8005696E0 /* Manager封装 */,
				5842A73528F18ECA005696E0 /* Manager封装Tests */,
				5842A73F28F18ECA005696E0 /* Manager封装UITests */,
				5842A71828F18EC8005696E0 /* Products */,
			);
			sourceTree = "<group>";
		};
		5842A71828F18EC8005696E0 /* Products */ = {
			isa = PBXGroup;
			children = (
				5842A71728F18EC8005696E0 /* Manager封装.app */,
				5842A73228F18ECA005696E0 /* Manager封装Tests.xctest */,
				5842A73C28F18ECA005696E0 /* Manager封装UITests.xctest */,
			);
			name = Products;
			sourceTree = "<group>";
		};
		5842A71928F18EC8005696E0 /* Manager封装 */ = {
			isa = PBXGroup;
			children = (
				5842A71A28F18EC8005696E0 /* AppDelegate.h */,
				5842A71B28F18EC8005696E0 /* AppDelegate.m */,
				5842A71D28F18EC8005696E0 /* SceneDelegate.h */,
				5842A71E28F18EC8005696E0 /* SceneDelegate.m */,
				5842A72028F18EC8005696E0 /* ViewController.h */,
				5842A72128F18EC8005696E0 /* ViewController.m */,
				5842A72328F18EC8005696E0 /* Main.storyboard */,
				5842A72628F18ECA005696E0 /* Assets.xcassets */,
				5842A72828F18ECA005696E0 /* LaunchScreen.storyboard */,
				5842A72B28F18ECA005696E0 /* Info.plist */,
				5842A72C28F18ECA005696E0 /* main.m */,
			);
			path = "Manager封装";
			sourceTree = "<group>";
		};
		5842A73528F18ECA005696E0 /* Manager封装Tests */ = {
			isa = PBXGroup;
			children = (
				5842A73628F18ECA005696E0 /* Manager__Tests.m */,
			);
			path = "Manager封装Tests";
			sourceTree = "<group>";
		};
		5842A73F28F18ECA005696E0 /* Manager封装UITests */ = {
			isa = PBXGroup;
			children = (
				5842A74028F18ECA005696E0 /* Manager__UITests.m */,
				5842A74228F18ECA005696E0 /* Manager__UITestsLaunchTests.m */,
			);
			path = "Manager封装UITests";
			sourceTree = "<group>";
		};
/* End PBXGroup section */

/* Begin PBXNativeTarget section */
		5842A71628F18EC8005696E0 /* Manager封装 */ = {
			isa = PBXNativeTarget;
			buildConfigurationList = 5842A74628F18ECA005696E0 /* Build configuration list for PBXNativeTarget "Manager封装" */;
			buildPhases = (
				5842A71328F18EC8005696E0 /* Sources */,
				5842A71428F18EC8005696E0 /* Frameworks */,
				5842A71528F18EC8005696E0 /* Resources */,
			);
			buildRules = (
			);
			dependencies = (
			);
			name = "Manager封装";
			productName = "Manager封装";
			productReference = 5842A71728F18EC8005696E0 /* Manager封装.app */;
			productType = "com.apple.product-type.application";
		};
		5842A73128F18ECA005696E0 /* Manager封装Tests */ = {
			isa = PBXNativeTarget;
			buildConfigurationList = 5842A74928F18ECA005696E0 /* Build configuration list for PBXNativeTarget "Manager封装Tests" */;
			buildPhases = (
				5842A72E28F18ECA005696E0 /* Sources */,
				5842A72F28F18ECA005696E0 /* Frameworks */,
				5842A73028F18ECA005696E0 /* Resources */,
			);
			buildRules = (
			);
			dependencies = (
				5842A73428F18ECA005696E0 /* PBXTargetDependency */,
			);
			name = "Manager封装Tests";
			productName = "Manager封装Tests";
			productReference = 5842A73228F18ECA005696E0 /* Manager封装Tests.xctest */;
			productType = "com.apple.product-type.bundle.unit-test";
		};
		5842A73B28F18ECA005696E0 /* Manager封装UITests */ = {
			isa = PBXNativeTarget;
			buildConfigurationList = 5842A74C28F18ECA005696E0 /* Build configuration list for PBXNativeTarget "Manager封装UITests" */;
			buildPhases = (
				5842A73828F18ECA005696E0 /* Sources */,
				5842A73928F18ECA005696E0 /* Frameworks */,
				5842A73A28F18ECA005696E0 /* Resources */,
			);
			buildRules = (
			);
			dependencies = (
				5842A73E28F18ECA005696E0 /* PBXTargetDependency */,
			);
			name = "Manager封装UITests";
			productName = "Manager封装UITests";
			productReference = 5842A73C28F18ECA005696E0 /* Manager封装UITests.xctest */;
			productType = "com.apple.product-type.bundle.ui-testing";
		};
/* End PBXNativeTarget section */

/* Begin PBXProject section */
		5842A70F28F18EC8005696E0 /* Project object */ = {
			isa = PBXProject;
			attributes = {
				BuildIndependentTargetsInParallel = 1;
				LastUpgradeCheck = 1340;
				TargetAttributes = {
					5842A71628F18EC8005696E0 = {
						CreatedOnToolsVersion = 13.4;
					};
					5842A73128F18ECA005696E0 = {
						CreatedOnToolsVersion = 13.4;
						TestTargetID = 5842A71628F18EC8005696E0;
					};
					5842A73B28F18ECA005696E0 = {
						CreatedOnToolsVersion = 13.4;
						TestTargetID = 5842A71628F18EC8005696E0;
					};
				};
			};
			buildConfigurationList = 5842A71228F18EC8005696E0 /* Build configuration list for PBXProject "Manager封装" */;
			compatibilityVersion = "Xcode 13.0";
			developmentRegion = en;
			hasScannedForEncodings = 0;
			knownRegions = (
				en,
				Base,
			);
			mainGroup = 5842A70E28F18EC8005696E0;
			productRefGroup = 5842A71828F18EC8005696E0 /* Products */;
			projectDirPath = "";
			projectRoot = "";
			targets = (
				5842A71628F18EC8005696E0 /* Manager封装 */,
				5842A73128F18ECA005696E0 /* Manager封装Tests */,
				5842A73B28F18ECA005696E0 /* Manager封装UITests */,
			);
		};
/* End PBXProject section */

/* Begin PBXResourcesBuildPhase section */
		5842A71528F18EC8005696E0 /* Resources */ = {
			isa = PBXResourcesBuildPhase;
			buildActionMask = 2147483647;
			files = (
				5842A72A28F18ECA005696E0 /* LaunchScreen.storyboard in Resources */,
				5842A72728F18ECA005696E0 /* Assets.xcassets in Resources */,
				5842A72528F18EC8005696E0 /* Main.storyboard in Resources */,
			);
			runOnlyForDeploymentPostprocessing = 0;
		};
		5842A73028F18ECA005696E0 /* Resources */ = {
			isa = PBXResourcesBuildPhase;
			buildActionMask = 2147483647;
			files = (
			);
			runOnlyForDeploymentPostprocessing = 0;
		};
		5842A73A28F18ECA005696E0 /* Resources */ = {
			isa = PBXResourcesBuildPhase;
			buildActionMask = 2147483647;
			files = (
			);
			runOnlyForDeploymentPostprocessing = 0;
		};
/* End PBXResourcesBuildPhase section */

/* Begin PBXSourcesBuildPhase section */
		5842A71328F18EC8005696E0 /* Sources */ = {
			isa = PBXSourcesBuildPhase;
			buildActionMask = 2147483647;
			files = (
				5842A72228F18EC8005696E0 /* ViewController.m in Sources */,
				5842A71C28F18EC8005696E0 /* AppDelegate.m in Sources */,
				5842A72D28F18ECA005696E0 /* main.m in Sources */,
				5842A71F28F18EC8005696E0 /* SceneDelegate.m in Sources */,
			);
			runOnlyForDeploymentPostprocessing = 0;
		};
		5842A72E28F18ECA005696E0 /* Sources */ = {
			isa = PBXSourcesBuildPhase;
			buildActionMask = 2147483647;
			files = (
				5842A73728F18ECA005696E0 /* Manager__Tests.m in Sources */,
			);
			runOnlyForDeploymentPostprocessing = 0;
		};
		5842A73828F18ECA005696E0 /* Sources */ = {
			isa = PBXSourcesBuildPhase;
			buildActionMask = 2147483647;
			files = (
				5842A74328F18ECA005696E0 /* Manager__UITestsLaunchTests.m in Sources */,
				5842A74128F18ECA005696E0 /* Manager__UITests.m in Sources */,
			);
			runOnlyForDeploymentPostprocessing = 0;
		};
/* End PBXSourcesBuildPhase section */

/* Begin PBXTargetDependency section */
		5842A73428F18ECA005696E0 /* PBXTargetDependency */ = {
			isa = PBXTargetDependency;
			target = 5842A71628F18EC8005696E0 /* Manager封装 */;
			targetProxy = 5842A73328F18ECA005696E0 /* PBXContainerItemProxy */;
		};
		5842A73E28F18ECA005696E0 /* PBXTargetDependency */ = {
			isa = PBXTargetDependency;
			target = 5842A71628F18EC8005696E0 /* Manager封装 */;
			targetProxy = 5842A73D28F18ECA005696E0 /* PBXContainerItemProxy */;
		};
/* End PBXTargetDependency section */

/* Begin PBXVariantGroup section */
		5842A72328F18EC8005696E0 /* Main.storyboard */ = {
			isa = PBXVariantGroup;
			children = (
				5842A72428F18EC8005696E0 /* Base */,
			);
			name = Main.storyboard;
			sourceTree = "<group>";
		};
		5842A72828F18ECA005696E0 /* LaunchScreen.storyboard */ = {
			isa = PBXVariantGroup;
			children = (
				5842A72928F18ECA005696E0 /* Base */,
			);
			name = LaunchScreen.storyboard;
			sourceTree = "<group>";
		};
/* End PBXVariantGroup section */

/* Begin XCBuildConfiguration section */
		5842A74428F18ECA005696E0 /* Debug */ = {
			isa = XCBuildConfiguration;
			buildSettings = {
				ALWAYS_SEARCH_USER_PATHS = NO;
				CLANG_ANALYZER_NONNULL = YES;
				CLANG_ANALYZER_NUMBER_OBJECT_CONVERSION = YES_AGGRESSIVE;
				CLANG_CXX_LANGUAGE_STANDARD = "gnu++17";
				CLANG_ENABLE_MODULES = YES;
				CLANG_ENABLE_OBJC_ARC = YES;
				CLANG_ENABLE_OBJC_WEAK = YES;
				CLANG_WARN_BLOCK_CAPTURE_AUTORELEASING = YES;
				CLANG_WARN_BOOL_CONVERSION = YES;
				CLANG_WARN_COMMA = YES;
				CLANG_WARN_CONSTANT_CONVERSION = YES;
				CLANG_WARN_DEPRECATED_OBJC_IMPLEMENTATIONS = YES;
				CLANG_WARN_DIRECT_OBJC_ISA_USAGE = YES_ERROR;
				CLANG_WARN_DOCUMENTATION_COMMENTS = YES;
				CLANG_WARN_EMPTY_BODY = YES;
				CLANG_WARN_ENUM_CONVERSION = YES;
				CLANG_WARN_INFINITE_RECURSION = YES;
				CLANG_WARN_INT_CONVERSION = YES;
				CLANG_WARN_NON_LITERAL_NULL_CONVERSION = YES;
				CLANG_WARN_OBJC_IMPLICIT_RETAIN_SELF = YES;
				CLANG_WARN_OBJC_LITERAL_CONVERSION = YES;
				CLANG_WARN_OBJC_ROOT_CLASS = YES_ERROR;
				CLANG_WARN_QUOTED_INCLUDE_IN_FRAMEWORK_HEADER = YES;
				CLANG_WARN_RANGE_LOOP_ANALYSIS = YES;
				CLANG_WARN_STRICT_PROTOTYPES = YES;
				CLANG_WARN_SUSPICIOUS_MOVE = YES;
				CLANG_WARN_UNGUARDED_AVAILABILITY = YES_AGGRESSIVE;
				CLANG_WARN_UNREACHABLE_CODE = YES;
				CLANG_WARN__DUPLICATE_METHOD_MATCH = YES;
				COPY_PHASE_STRIP = NO;
				DEBUG_INFORMATION_FORMAT = dwarf;
				ENABLE_STRICT_OBJC_MSGSEND = YES;
				ENABLE_TESTABILITY = YES;
				GCC_C_LANGUAGE_STANDARD = gnu11;
				GCC_DYNAMIC_NO_PIC = NO;
				GCC_NO_COMMON_BLOCKS = YES;
				GCC_OPTIMIZATION_LEVEL = 0;
				GCC_PREPROCESSOR_DEFINITIONS = (
					"DEBUG=1",
					"$(inherited)",
				);
				GCC_WARN_64_TO_32_BIT_CONVERSION = YES;
				GCC_WARN_ABOUT_RETURN_TYPE = YES_ERROR;
				GCC_WARN_UNDECLARED_SELECTOR = YES;
				GCC_WARN_UNINITIALIZED_AUTOS = YES_AGGRESSIVE;
				GCC_WARN_UNUSED_FUNCTION = YES;
				GCC_WARN_UNUSED_VARIABLE = YES;
				IPHONEOS_DEPLOYMENT_TARGET = 15.5;
				MTL_ENABLE_DEBUG_INFO = INCLUDE_SOURCE;
				MTL_FAST_MATH = YES;
				ONLY_ACTIVE_ARCH = YES;
				SDKROOT = iphoneos;
			};
			name = Debug;
		};
		5842A74528F18ECA005696E0 /* Release */ = {
			isa = XCBuildConfiguration;
			buildSettings = {
				ALWAYS_SEARCH_USER_PATHS = NO;
				CLANG_ANALYZER_NONNULL = YES;
				CLANG_ANALYZER_NUMBER_OBJECT_CONVERSION = YES_AGGRESSIVE;
				CLANG_CXX_LANGUAGE_STANDARD = "gnu++17";
				CLANG_ENABLE_MODULES = YES;
				CLANG_ENABLE_OBJC_ARC = YES;
				CLANG_ENABLE_OBJC_WEAK = YES;
				CLANG_WARN_BLOCK_CAPTURE_AUTORELEASING = YES;
				CLANG_WARN_BOOL_CONVERSION = YES;
				CLANG_WARN_COMMA = YES;
				CLANG_WARN_CONSTANT_CONVERSION = YES;
				CLANG_WARN_DEPRECATED_OBJC_IMPLEMENTATIONS = YES;
				CLANG_WARN_DIRECT_OBJC_ISA_USAGE = YES_ERROR;
				CLANG_WARN_DOCUMENTATION_COMMENTS = YES;
				CLANG_WARN_EMPTY_BODY = YES;
				CLANG_WARN_ENUM_CONVERSION = YES;
				CLANG_WARN_INFINITE_RECURSION = YES;
				CLANG_WARN_INT_CONVERSION = YES;
				CLANG_WARN_NON_LITERAL_NULL_CONVERSION = YES;
				CLANG_WARN_OBJC_IMPLICIT_RETAIN_SELF = YES;
				CLANG_WARN_OBJC_LITERAL_CONVERSION = YES;
				CLANG_WARN_OBJC_ROOT_CLASS = YES_ERROR;
				CLANG_WARN_QUOTED_INCLUDE_IN_FRAMEWORK_HEADER = YES;
				CLANG_WARN_RANGE_LOOP_ANALYSIS = YES;
				CLANG_WARN_STRICT_PROTOTYPES = YES;
				CLANG_WARN_SUSPICIOUS_MOVE = YES;
				CLANG_WARN_UNGUARDED_AVAILABILITY = YES_AGGRESSIVE;
				CLANG_WARN_UNREACHABLE_CODE = YES;
				CLANG_WARN__DUPLICATE_METHOD_MATCH = YES;
				COPY_PHASE_STRIP = NO;
				DEBUG_INFORMATION_FORMAT = "dwarf-with-dsym";
				ENABLE_NS_ASSERTIONS = NO;
				ENABLE_STRICT_OBJC_MSGSEND = YES;
				GCC_C_LANGUAGE_STANDARD = gnu11;
				GCC_NO_COMMON_BLOCKS = YES;
				GCC_WARN_64_TO_32_BIT_CONVERSION = YES;
				GCC_WARN_ABOUT_RETURN_TYPE = YES_ERROR;
				GCC_WARN_UNDECLARED_SELECTOR = YES;
				GCC_WARN_UNINITIALIZED_AUTOS = YES_AGGRESSIVE;
				GCC_WARN_UNUSED_FUNCTION = YES;
				GCC_WARN_UNUSED_VARIABLE = YES;
				IPHONEOS_DEPLOYMENT_TARGET = 15.5;
				MTL_ENABLE_DEBUG_INFO = NO;
				MTL_FAST_MATH = YES;
				SDKROOT = iphoneos;
				VALIDATE_PRODUCT = YES;
			};
			name = Release;
		};
		5842A74728F18ECA005696E0 /* Debug */ = {
			isa = XCBuildConfiguration;
			buildSettings = {
				ASSETCATALOG_COMPILER_APPICON_NAME = AppIcon;
				ASSETCATALOG_COMPILER_GLOBAL_ACCENT_COLOR_NAME = AccentColor;
				CODE_SIGN_STYLE = Automatic;
				CURRENT_PROJECT_VERSION = 1;
				DEVELOPMENT_TEAM = 2K97J7XJC7;
				GENERATE_INFOPLIST_FILE = YES;
				INFOPLIST_FILE = "Manager封装/Info.plist";
				INFOPLIST_KEY_UIApplicationSupportsIndirectInputEvents = YES;
				INFOPLIST_KEY_UILaunchStoryboardName = LaunchScreen;
				INFOPLIST_KEY_UIMainStoryboardFile = Main;
				INFOPLIST_KEY_UISupportedInterfaceOrientations_iPad = "UIInterfaceOrientationPortrait UIInterfaceOrientationPortraitUpsideDown UIInterfaceOrientationLandscapeLeft UIInterfaceOrientationLandscapeRight";
				INFOPLIST_KEY_UISupportedInterfaceOrientations_iPhone = "UIInterfaceOrientationPortrait UIInterfaceOrientationLandscapeLeft UIInterfaceOrientationLandscapeRight";
				LD_RUNPATH_SEARCH_PATHS = (
					"$(inherited)",
					"@executable_path/Frameworks",
				);
				MARKETING_VERSION = 1.0;
				PRODUCT_BUNDLE_IDENTIFIER = "-.Manager--";
				PRODUCT_NAME = "$(TARGET_NAME)";
				SWIFT_EMIT_LOC_STRINGS = YES;
				TARGETED_DEVICE_FAMILY = "1,2";
			};
			name = Debug;
		};
		5842A74828F18ECA005696E0 /* Release */ = {
			isa = XCBuildConfiguration;
			buildSettings = {
				ASSETCATALOG_COMPILER_APPICON_NAME = AppIcon;
				ASSETCATALOG_COMPILER_GLOBAL_ACCENT_COLOR_NAME = AccentColor;
				CODE_SIGN_STYLE = Automatic;
				CURRENT_PROJECT_VERSION = 1;
				DEVELOPMENT_TEAM = 2K97J7XJC7;
				GENERATE_INFOPLIST_FILE = YES;
				INFOPLIST_FILE = "Manager封装/Info.plist";
				INFOPLIST_KEY_UIApplicationSupportsIndirectInputEvents = YES;
				INFOPLIST_KEY_UILaunchStoryboardName = LaunchScreen;
				INFOPLIST_KEY_UIMainStoryboardFile = Main;
				INFOPLIST_KEY_UISupportedInterfaceOrientations_iPad = "UIInterfaceOrientationPortrait UIInterfaceOrientationPortraitUpsideDown UIInterfaceOrientationLandscapeLeft UIInterfaceOrientationLandscapeRight";
				INFOPLIST_KEY_UISupportedInterfaceOrientations_iPhone = "UIInterfaceOrientationPortrait UIInterfaceOrientationLandscapeLeft UIInterfaceOrientationLandscapeRight";
				LD_RUNPATH_SEARCH_PATHS = (
					"$(inherited)",
					"@executable_path/Frameworks",
				);
				MARKETING_VERSION = 1.0;
				PRODUCT_BUNDLE_IDENTIFIER = "-.Manager--";
				PRODUCT_NAME = "$(TARGET_NAME)";
				SWIFT_EMIT_LOC_STRINGS = YES;
				TARGETED_DEVICE_FAMILY = "1,2";
			};
			name = Release;
		};
		5842A74A28F18ECA005696E0 /* Debug */ = {
			isa = XCBuildConfiguration;
			buildSettings = {
				BUNDLE_LOADER = "$(TEST_HOST)";
				CODE_SIGN_STYLE = Automatic;
				CURRENT_PROJECT_VERSION = 1;
				DEVELOPMENT_TEAM = 2K97J7XJC7;
				GENERATE_INFOPLIST_FILE = YES;
				IPHONEOS_DEPLOYMENT_TARGET = 15.5;
				MARKETING_VERSION = 1.0;
				PRODUCT_BUNDLE_IDENTIFIER = "-.Manager--Tests";
				PRODUCT_NAME = "$(TARGET_NAME)";
				SWIFT_EMIT_LOC_STRINGS = NO;
				TARGETED_DEVICE_FAMILY = "1,2";
				TEST_HOST = "$(BUILT_PRODUCTS_DIR)/Manager封装.app/Manager封装";
			};
			name = Debug;
		};
		5842A74B28F18ECA005696E0 /* Release */ = {
			isa = XCBuildConfiguration;
			buildSettings = {
				BUNDLE_LOADER = "$(TEST_HOST)";
				CODE_SIGN_STYLE = Automatic;
				CURRENT_PROJECT_VERSION = 1;
				DEVELOPMENT_TEAM = 2K97J7XJC7;
				GENERATE_INFOPLIST_FILE = YES;
				IPHONEOS_DEPLOYMENT_TARGET = 15.5;
				MARKETING_VERSION = 1.0;
				PRODUCT_BUNDLE_IDENTIFIER = "-.Manager--Tests";
				PRODUCT_NAME = "$(TARGET_NAME)";
				SWIFT_EMIT_LOC_STRINGS = NO;
				TARGETED_DEVICE_FAMILY = "1,2";
				TEST_HOST = "$(BUILT_PRODUCTS_DIR)/Manager封装.app/Manager封装";
			};
			name = Release;
		};
		5842A74D28F18ECA005696E0 /* Debug */ = {
			isa = XCBuildConfiguration;
			buildSettings = {
				CODE_SIGN_STYLE = Automatic;
				CURRENT_PROJECT_VERSION = 1;
				DEVELOPMENT_TEAM = 2K97J7XJC7;
				GENERATE_INFOPLIST_FILE = YES;
				MARKETING_VERSION = 1.0;
				PRODUCT_BUNDLE_IDENTIFIER = "-.Manager--UITests";
				PRODUCT_NAME = "$(TARGET_NAME)";
				SWIFT_EMIT_LOC_STRINGS = NO;
				TARGETED_DEVICE_FAMILY = "1,2";
				TEST_TARGET_NAME = "Manager封装";
			};
			name = Debug;
		};
		5842A74E28F18ECA005696E0 /* Release */ = {
			isa = XCBuildConfiguration;
			buildSettings = {
				CODE_SIGN_STYLE = Automatic;
				CURRENT_PROJECT_VERSION = 1;
				DEVELOPMENT_TEAM = 2K97J7XJC7;
				GENERATE_INFOPLIST_FILE = YES;
				MARKETING_VERSION = 1.0;
				PRODUCT_BUNDLE_IDENTIFIER = "-.Manager--UITests";
				PRODUCT_NAME = "$(TARGET_NAME)";
				SWIFT_EMIT_LOC_STRINGS = NO;
				TARGETED_DEVICE_FAMILY = "1,2";
				TEST_TARGET_NAME = "Manager封装";
			};
			name = Release;
		};
/* End XCBuildConfiguration section */

/* Begin XCConfigurationList section */
		5842A71228F18EC8005696E0 /* Build configuration list for PBXProject "Manager封装" */ = {
			isa = XCConfigurationList;
			buildConfigurations = (
				5842A74428F18ECA005696E0 /* Debug */,
				5842A74528F18ECA005696E0 /* Release */,
			);
			defaultConfigurationIsVisible = 0;
			defaultConfigurationName = Release;
		};
		5842A74628F18ECA005696E0 /* Build configuration list for PBXNativeTarget "Manager封装" */ = {
			isa = XCConfigurationList;
			buildConfigurations = (
				5842A74728F18ECA005696E0 /* Debug */,
				5842A74828F18ECA005696E0 /* Release */,
			);
			defaultConfigurationIsVisible = 0;
			defaultConfigurationName = Release;
		};
		5842A74928F18ECA005696E0 /* Build configuration list for PBXNativeTarget "Manager封装Tests" */ = {
			isa = XCConfigurationList;
			buildConfigurations = (
				5842A74A28F18ECA005696E0 /* Debug */,
				5842A74B28F18ECA005696E0 /* Release */,
			);
			defaultConfigurationIsVisible = 0;
			defaultConfigurationName = Release;
		};
		5842A74C28F18ECA005696E0 /* Build configuration list for PBXNativeTarget "Manager封装UITests" */ = {
			isa = XCConfigurationList;
			buildConfigurations = (
				5842A74D28F18ECA005696E0 /* Debug */,
				5842A74E28F18ECA005696E0 /* Release */,
			);
			defaultConfigurationIsVisible = 0;
			defaultConfigurationName = Release;
		};
/* End XCConfigurationList section */
	};
	rootObject = 5842A70F28F18EC8005696E0 /* Project object */;
}
